{
  "name": "s2server",
  "version": "1.4.2",
  "lockfileVersion": 1,
  "requires": true,
  "dependencies": {
    "js-console": {
      "version": "0.0.1",
      "resolved": "https://registry.npmjs.org/js-console/-/js-console-0.0.1.tgz",
      "integrity": "sha1-BnbPmClZ2Yf+7QboVYnn4tLPXG0="
    }
  }
}
